{
  "version": 4,
  "terraform_version": "1.16.2",
  "serial": 7,
  "lineage": "3ea595a8-1be1-45d9-b535-47141859d5ce",
  "outputs": {},
  "resources": [
    {
      "mode": "managed",
      "type": "helm_release",
      "name": "traefik_ingress",
      "provider": "provider[\"registry.terraform.io/hashicorp/helm\"]",
      "instances": [
        {
          "schema_version": 2,
          "attributes": {
            "atomic": false,
            "chart": "oci://ghcr.io/traefik/helm/traefik",
            "cleanup_on_fail": false,
            "create_namespace": true,
            "dependency_update": false,
            "description": null,
            "devel": null,
            "disable_crd_hooks": false,
            "disable_openapi_validation": false,
            "disable_webhooks": false,
            "force_update": false,
            "id": "traefik",
            "keyring": null,
            "lint": false,
            "manifest": null,
            "max_history": 0,
            "metadata": {
              "app_version": "v3.7.13",
              "chart": "traefik",
              "first_deployed": 1789218091,
              "last_deployed": 1789218091,
              "name": "traefik",
              "namespace": "traefik",
              "notes": "\n\ntraefik with docker.io/traefik:v3.7.13 has been deployed successfully on traefik namespace!\n",
              "revision": 1,
              "values": "{\"ingressClass\":{\"enabled\":true,\"isDefaultClass\":false,\"name\":\"traefik\"},\"providers\":{\"kubernetesIngress\":{\"enabled\":false,\"publishedService\":{\"enabled\":true}}},\"service\":{\"enabled\":true,\"type\":\"LoadBalancer\"}}",
              "version": "41.5.0"
            },
            "name": "traefik",
            "namespace": "traefik",
            "pass_credentials": false,
            "postrender": null,
            "recreate_pods": false,
            "render_subchart_notes": true,
            "replace": false,
            "repository": null,
            "repository_ca_file": null,
            "repository_cert_file": null,
            "repository_key_file": null,
            "repository_password": null,
            "repository_username": null,
            "reset_values": false,
            "resources": null,
            "reuse_values": false,
            "set": null,
            "set_list": null,
            "set_sensitive": null,
            "set_wo": null,
            "set_wo_revision": null,
            "skip_crds": false,
            "status": "deployed",
            "take_ownership": false,
            "timeout": 300,
            "timeouts": null,
            "upgrade_install": false,
            "values": [
              "ingressClass:\n  enabled: true\n  isDefaultClass: false\n  name: \"traefik\"\n\nproviders:\n  kubernetesIngress:\n    enabled: false\n    publishedService:\n      enabled: true\n\nservice:\n  enabled: true\n  type: LoadBalancer\n"
            ],
            "verify": false,
            "version": "41.5.0",
            "wait": true,
            "wait_for_jobs": false
          },
          "sensitive_attributes": [
            [
              {
                "type": "get_attr",
                "value": "repository_password"
              }
            ]
          ],
          "identity_schema_version": 0,
          "identity": {
            "namespace": "traefik",
            "release_name": "traefik"
          }
        }
      ]
    }
  ],
  "check_results": null
}
